
Microsoft Visual Studio Solution File, Format Version 12.00
Project("{FAE04EC0-301F-11D3-BF4B-00C04F79EFBC}") = "ThePretendCompanyApplication", "ThePretendCompanyApplication\ThePretendCompanyApplication.csproj", "{9AF181E6-A24E-4DD7-A897-FE7F53FD50D1}"
EndProject
Project("{FAE04EC0-301F-11D3-BF4B-00C04F79EFBC}") = "TCPData", "TCPData\TCPData.csproj", "{45A6C80D-220C-415D-A0C5-4C5F80C66F74}"
EndProject
Project("{FAE04EC0-301F-11D3-BF4B-00C04F79EFBC}") = "TCPExtensions", "TCPExtensions\TCPExtensions.csproj", "{B4F15B74-4529-4B36-823A-FD9C378F3674}"
EndProject
Global
	GlobalSection(SolutionConfigurationPlatforms) = preSolution
		Debug|Any CPU = Debug|Any CPU
		Release|Any CPU = Release|Any CPU
	EndGlobalSection
	GlobalSection(ProjectConfigurationPlatforms) = postSolution
		{9AF181E6-A24E-4DD7-A897-FE7F53FD50D1}.Debug|Any CPU.ActiveCfg = Debug|Any CPU
		{9AF181E6-A24E-4DD7-A897-FE7F53FD50D1}.Debug|Any CPU.Build.0 = Debug|Any CPU
		{9AF181E6-A24E-4DD7-A897-FE7F53FD50D1}.Release|Any CPU.ActiveCfg = Release|Any CPU
		{9AF181E6-A24E-4DD7-A897-FE7F53FD50D1}.Release|Any CPU.Build.0 = Release|Any CPU
		{45A6C80D-220C-415D-A0C5-4C5F80C66F74}.Debug|Any CPU.ActiveCfg = Debug|Any CPU
		{45A6C80D-220C-415D-A0C5-4C5F80C66F74}.Debug|Any CPU.Build.0 = Debug|Any CPU
		{45A6C80D-220C-415D-A0C5-4C5F80C66F74}.Release|Any CPU.ActiveCfg = Release|Any CPU
		{45A6C80D-220C-415D-A0C5-4C5F80C66F74}.Release|Any CPU.Build.0 = Release|Any CPU
		{B4F15B74-4529-4B36-823A-FD9C378F3674}.Debug|Any CPU.ActiveCfg = Debug|Any CPU
		{B4F15B74-4529-4B36-823A-FD9C378F3674}.Debug|Any CPU.Build.0 = Debug|Any CPU
		{B4F15B74-4529-4B36-823A-FD9C378F3674}.Release|Any CPU.ActiveCfg = Release|Any CPU
		{B4F15B74-4529-4B36-823A-FD9C378F3674}.Release|Any CPU.Build.0 = Release|Any CPU
	EndGlobalSection
EndGlobal
