
Microsoft Visual Studio Solution File, Format Version 12.00
Project("{FAE04EC0-301F-11D3-BF4B-00C04F79EFBC}") = "LinqExamples_1", "LinqExamples_1\LinqExamples_1.csproj", "{F77EED4D-57AE-48D0-913E-C989B7C8EDAD}"
EndProject
Global
	GlobalSection(SolutionConfigurationPlatforms) = preSolution
		Debug|Any CPU = Debug|Any CPU
		Release|Any CPU = Release|Any CPU
	EndGlobalSection
	GlobalSection(ProjectConfigurationPlatforms) = postSolution
		{F77EED4D-57AE-48D0-913E-C989B7C8EDAD}.Debug|Any CPU.ActiveCfg = Debug|Any CPU
		{F77EED4D-57AE-48D0-913E-C989B7C8EDAD}.Debug|Any CPU.Build.0 = Debug|Any CPU
		{F77EED4D-57AE-48D0-913E-C989B7C8EDAD}.Release|Any CPU.ActiveCfg = Release|Any CPU
		{F77EED4D-57AE-48D0-913E-C989B7C8EDAD}.Release|Any CPU.Build.0 = Release|Any CPU
	EndGlobalSection
EndGlobal
